
Microsoft Visual Studio Solution File, Format Version 12.00
# Visual Studio Version 17
VisualStudioVersion = 17.0.32014.148
MinimumVisualStudioVersion = 10.0.40219.1
Project("{9A19103F-16F7-4668-BE54-9A1E7A4F7556}") = "Operators", "Operators\Operators.csproj", "{389A7CE3-914E-4E0A-BA71-221C4E40A0B0}"
EndProject
Project("{FAE04EC0-301F-11D3-BF4B-00C04F79EFBC}") = "BooleanOperators", "BooleanOperators\BooleanOperators.csproj", "{7E28EF21-95E6-46E9-81C3-539531E6707F}"
EndProject
Project("{FAE04EC0-301F-11D3-BF4B-00C04F79EFBC}") = "BitwiseAndShiftOperatos", "BitwiseAndShiftOperatos\BitwiseAndShiftOperatos.csproj", "{2A1E4875-7901-4E1A-A67C-E9799FEFEDEF}"
EndProject
Global
	GlobalSection(SolutionConfigurationPlatforms) = preSolution
		Debug|Any CPU = Debug|Any CPU
		Release|Any CPU = Release|Any CPU
	EndGlobalSection
	GlobalSection(ProjectConfigurationPlatforms) = postSolution
		{389A7CE3-914E-4E0A-BA71-221C4E40A0B0}.Debug|Any CPU.ActiveCfg = Debug|Any CPU
		{389A7CE3-914E-4E0A-BA71-221C4E40A0B0}.Debug|Any CPU.Build.0 = Debug|Any CPU
		{389A7CE3-914E-4E0A-BA71-221C4E40A0B0}.Release|Any CPU.ActiveCfg = Release|Any CPU
		{389A7CE3-914E-4E0A-BA71-221C4E40A0B0}.Release|Any CPU.Build.0 = Release|Any CPU
		{7E28EF21-95E6-46E9-81C3-539531E6707F}.Debug|Any CPU.ActiveCfg = Debug|Any CPU
		{7E28EF21-95E6-46E9-81C3-539531E6707F}.Debug|Any CPU.Build.0 = Debug|Any CPU
		{7E28EF21-95E6-46E9-81C3-539531E6707F}.Release|Any CPU.ActiveCfg = Release|Any CPU
		{7E28EF21-95E6-46E9-81C3-539531E6707F}.Release|Any CPU.Build.0 = Release|Any CPU
		{2A1E4875-7901-4E1A-A67C-E9799FEFEDEF}.Debug|Any CPU.ActiveCfg = Debug|Any CPU
		{2A1E4875-7901-4E1A-A67C-E9799FEFEDEF}.Debug|Any CPU.Build.0 = Debug|Any CPU
		{2A1E4875-7901-4E1A-A67C-E9799FEFEDEF}.Release|Any CPU.ActiveCfg = Release|Any CPU
		{2A1E4875-7901-4E1A-A67C-E9799FEFEDEF}.Release|Any CPU.Build.0 = Release|Any CPU
	EndGlobalSection
	GlobalSection(SolutionProperties) = preSolution
		HideSolutionNode = FALSE
	EndGlobalSection
	GlobalSection(ExtensibilityGlobals) = postSolution
		SolutionGuid = {666A3C55-02D4-4DEA-84C6-0134AEBDBC84}
	EndGlobalSection
EndGlobal
