
Microsoft Visual Studio Solution File, Format Version 12.00
# Visual Studio Version 17
VisualStudioVersion = 17.0.32112.339
MinimumVisualStudioVersion = 10.0.40219.1
Project("{9A19103F-16F7-4668-BE54-9A1E7A4F7556}") = "PacktLibrary", "PacktLibrary\PacktLibrary.csproj", "{37DD542A-2307-4C53-A097-213F50D33F26}"
EndProject
Project("{9A19103F-16F7-4668-BE54-9A1E7A4F7556}") = "PeopleApp", "PeopleApp\PeopleApp.csproj", "{444673CB-FDE1-460D-B64C-DF65EF1FFBD4}"
EndProject
Project("{9A19103F-16F7-4668-BE54-9A1E7A4F7556}") = "NullHandling", "NullHandling\NullHandling.csproj", "{39AE91A8-FECB-485B-A529-5CE3A4D162A8}"
EndProject
Project("{FAE04EC0-301F-11D3-BF4B-00C04F79EFBC}") = "CodeAnalyzing", "CodeAnalyzing\CodeAnalyzing.csproj", "{8BBF0056-8DBB-4E30-9396-CF702B0FC9E0}"
EndProject
Project("{FAE04EC0-301F-11D3-BF4B-00C04F79EFBC}") = "Exercise02", "Exercise02\Exercise02.csproj", "{6B323C07-9E4F-49B4-8337-C36E83F77AA5}"
EndProject
Global
	GlobalSection(SolutionConfigurationPlatforms) = preSolution
		Debug|Any CPU = Debug|Any CPU
		Release|Any CPU = Release|Any CPU
	EndGlobalSection
	GlobalSection(ProjectConfigurationPlatforms) = postSolution
		{37DD542A-2307-4C53-A097-213F50D33F26}.Debug|Any CPU.ActiveCfg = Debug|Any CPU
		{37DD542A-2307-4C53-A097-213F50D33F26}.Debug|Any CPU.Build.0 = Debug|Any CPU
		{37DD542A-2307-4C53-A097-213F50D33F26}.Release|Any CPU.ActiveCfg = Release|Any CPU
		{37DD542A-2307-4C53-A097-213F50D33F26}.Release|Any CPU.Build.0 = Release|Any CPU
		{444673CB-FDE1-460D-B64C-DF65EF1FFBD4}.Debug|Any CPU.ActiveCfg = Debug|Any CPU
		{444673CB-FDE1-460D-B64C-DF65EF1FFBD4}.Debug|Any CPU.Build.0 = Debug|Any CPU
		{444673CB-FDE1-460D-B64C-DF65EF1FFBD4}.Release|Any CPU.ActiveCfg = Release|Any CPU
		{444673CB-FDE1-460D-B64C-DF65EF1FFBD4}.Release|Any CPU.Build.0 = Release|Any CPU
		{39AE91A8-FECB-485B-A529-5CE3A4D162A8}.Debug|Any CPU.ActiveCfg = Debug|Any CPU
		{39AE91A8-FECB-485B-A529-5CE3A4D162A8}.Debug|Any CPU.Build.0 = Debug|Any CPU
		{39AE91A8-FECB-485B-A529-5CE3A4D162A8}.Release|Any CPU.ActiveCfg = Release|Any CPU
		{39AE91A8-FECB-485B-A529-5CE3A4D162A8}.Release|Any CPU.Build.0 = Release|Any CPU
		{8BBF0056-8DBB-4E30-9396-CF702B0FC9E0}.Debug|Any CPU.ActiveCfg = Debug|Any CPU
		{8BBF0056-8DBB-4E30-9396-CF702B0FC9E0}.Debug|Any CPU.Build.0 = Debug|Any CPU
		{8BBF0056-8DBB-4E30-9396-CF702B0FC9E0}.Release|Any CPU.ActiveCfg = Release|Any CPU
		{8BBF0056-8DBB-4E30-9396-CF702B0FC9E0}.Release|Any CPU.Build.0 = Release|Any CPU
		{6B323C07-9E4F-49B4-8337-C36E83F77AA5}.Debug|Any CPU.ActiveCfg = Debug|Any CPU
		{6B323C07-9E4F-49B4-8337-C36E83F77AA5}.Debug|Any CPU.Build.0 = Debug|Any CPU
		{6B323C07-9E4F-49B4-8337-C36E83F77AA5}.Release|Any CPU.ActiveCfg = Release|Any CPU
		{6B323C07-9E4F-49B4-8337-C36E83F77AA5}.Release|Any CPU.Build.0 = Release|Any CPU
	EndGlobalSection
	GlobalSection(SolutionProperties) = preSolution
		HideSolutionNode = FALSE
	EndGlobalSection
	GlobalSection(ExtensibilityGlobals) = postSolution
		SolutionGuid = {E8E3C0F5-4B7F-4B55-820C-604F9302CDC0}
	EndGlobalSection
EndGlobal
