
Microsoft Visual Studio Solution File, Format Version 12.00
# Visual Studio Version 17
VisualStudioVersion = 17.0.32014.148
MinimumVisualStudioVersion = 10.0.40219.1
Project("{9A19103F-16F7-4668-BE54-9A1E7A4F7556}") = "Formatting", "Formatting\Formatting.csproj", "{17010B4C-2CF1-4BD0-947C-602F89A04A11}"
EndProject
Project("{FAE04EC0-301F-11D3-BF4B-00C04F79EFBC}") = "Arguments", "..\Arguments\Arguments.csproj", "{EAFCF70E-C9FF-496B-A125-3FE683EFE5F7}"
EndProject
Global
	GlobalSection(SolutionConfigurationPlatforms) = preSolution
		Debug|Any CPU = Debug|Any CPU
		Release|Any CPU = Release|Any CPU
	EndGlobalSection
	GlobalSection(ProjectConfigurationPlatforms) = postSolution
		{17010B4C-2CF1-4BD0-947C-602F89A04A11}.Debug|Any CPU.ActiveCfg = Debug|Any CPU
		{17010B4C-2CF1-4BD0-947C-602F89A04A11}.Debug|Any CPU.Build.0 = Debug|Any CPU
		{17010B4C-2CF1-4BD0-947C-602F89A04A11}.Release|Any CPU.ActiveCfg = Release|Any CPU
		{17010B4C-2CF1-4BD0-947C-602F89A04A11}.Release|Any CPU.Build.0 = Release|Any CPU
		{EAFCF70E-C9FF-496B-A125-3FE683EFE5F7}.Debug|Any CPU.ActiveCfg = Debug|Any CPU
		{EAFCF70E-C9FF-496B-A125-3FE683EFE5F7}.Debug|Any CPU.Build.0 = Debug|Any CPU
		{EAFCF70E-C9FF-496B-A125-3FE683EFE5F7}.Release|Any CPU.ActiveCfg = Release|Any CPU
		{EAFCF70E-C9FF-496B-A125-3FE683EFE5F7}.Release|Any CPU.Build.0 = Release|Any CPU
	EndGlobalSection
	GlobalSection(SolutionProperties) = preSolution
		HideSolutionNode = FALSE
	EndGlobalSection
	GlobalSection(ExtensibilityGlobals) = postSolution
		SolutionGuid = {1E9F7E6E-D1CB-4475-A99F-C41903D202A1}
	EndGlobalSection
EndGlobal
