
Microsoft Visual Studio Solution File, Format Version 12.00
# Visual Studio Version 17
VisualStudioVersion = 17.0.32112.339
MinimumVisualStudioVersion = 10.0.40219.1
Project("{FAE04EC0-301F-11D3-BF4B-00C04F79EFBC}") = "PacktLibrary", "PacktLibrary\PacktLibrary.csproj", "{C4839A65-E786-4412-81ED-6820549522B7}"
EndProject
Project("{FAE04EC0-301F-11D3-BF4B-00C04F79EFBC}") = "PeopleApp", "PeopleApp\PeopleApp.csproj", "{E541B2BD-DE56-47DF-B5AE-742497E16B62}"
EndProject
Global
	GlobalSection(SolutionConfigurationPlatforms) = preSolution
		Debug|Any CPU = Debug|Any CPU
		Release|Any CPU = Release|Any CPU
	EndGlobalSection
	GlobalSection(ProjectConfigurationPlatforms) = postSolution
		{C4839A65-E786-4412-81ED-6820549522B7}.Debug|Any CPU.ActiveCfg = Debug|Any CPU
		{C4839A65-E786-4412-81ED-6820549522B7}.Debug|Any CPU.Build.0 = Debug|Any CPU
		{C4839A65-E786-4412-81ED-6820549522B7}.Release|Any CPU.ActiveCfg = Release|Any CPU
		{C4839A65-E786-4412-81ED-6820549522B7}.Release|Any CPU.Build.0 = Release|Any CPU
		{E541B2BD-DE56-47DF-B5AE-742497E16B62}.Debug|Any CPU.ActiveCfg = Debug|Any CPU
		{E541B2BD-DE56-47DF-B5AE-742497E16B62}.Debug|Any CPU.Build.0 = Debug|Any CPU
		{E541B2BD-DE56-47DF-B5AE-742497E16B62}.Release|Any CPU.ActiveCfg = Release|Any CPU
		{E541B2BD-DE56-47DF-B5AE-742497E16B62}.Release|Any CPU.Build.0 = Release|Any CPU
	EndGlobalSection
	GlobalSection(SolutionProperties) = preSolution
		HideSolutionNode = FALSE
	EndGlobalSection
	GlobalSection(ExtensibilityGlobals) = postSolution
		SolutionGuid = {3EAB19C6-A2A6-4631-A034-EAC6D6825B2A}
	EndGlobalSection
EndGlobal
